
Microsoft Visual Studio Solution File, Format Version 12.00
# Visual Studio Version 17
VisualStudioVersion = 17.3.32922.545
MinimumVisualStudioVersion = 10.0.40219.1
Project("{2150E333-8FDC-42A3-9474-1A3956D46DE8}") = "Game", "Game", "{B8CCAB71-B947-4A33-9C3B-A71F25ABEA76}"
EndProject
Project("{2150E333-8FDC-42A3-9474-1A3956D46DE8}") = "Engine", "Engine", "{BDA53817-A691-4F22-AC73-07AC16F149F5}"
EndProject
Project("{8BC9CEB8-8B4A-11D0-8D11-00A0C91BC942}") = "Game", "Source\Game\Game\Game.vcxproj", "{169CC146-81E9-4ECA-91D6-5398AFBF5A4F}"
EndProject
Project("{8BC9CEB8-8B4A-11D0-8D11-00A0C91BC942}") = "Core", "Source\Engine\Core\Core.vcxproj", "{E5D2148A-16C6-4FFB-B496-549A1A22F52F}"
EndProject
Project("{8BC9CEB8-8B4A-11D0-8D11-00A0C91BC942}") = "Renderer", "Source\Engine\Renderer\Renderer.vcxproj", "{8662934D-5818-477F-A243-22100159E43D}"
EndProject
Project("{8BC9CEB8-8B4A-11D0-8D11-00A0C91BC942}") = "Input", "Source\Engine\Input\Input.vcxproj", "{D54BB5FC-AD4C-4B51-8E4D-E0E39830A835}"
EndProject
Project("{8BC9CEB8-8B4A-11D0-8D11-00A0C91BC942}") = "Audio", "Source\Engine\Audio\Audio.vcxproj", "{EC369819-564C-4C84-922A-E362B1BF6787}"
EndProject
Project("{8BC9CEB8-8B4A-11D0-8D11-00A0C91BC942}") = "Framework", "Source\Engine\Framework\Framework.vcxproj", "{64F84BDE-C5DD-4763-B768-EEAEDDD40E2A}"
EndProject
Global
	GlobalSection(SolutionConfigurationPlatforms) = preSolution
		Debug|x64 = Debug|x64
		Debug|x86 = Debug|x86
		Release|x64 = Release|x64
		Release|x86 = Release|x86
	EndGlobalSection
	GlobalSection(ProjectConfigurationPlatforms) = postSolution
		{169CC146-81E9-4ECA-91D6-5398AFBF5A4F}.Debug|x64.ActiveCfg = Debug|x64
		{169CC146-81E9-4ECA-91D6-5398AFBF5A4F}.Debug|x64.Build.0 = Debug|x64
		{169CC146-81E9-4ECA-91D6-5398AFBF5A4F}.Debug|x86.ActiveCfg = Debug|Win32
		{169CC146-81E9-4ECA-91D6-5398AFBF5A4F}.Debug|x86.Build.0 = Debug|Win32
		{169CC146-81E9-4ECA-91D6-5398AFBF5A4F}.Release|x64.ActiveCfg = Release|x64
		{169CC146-81E9-4ECA-91D6-5398AFBF5A4F}.Release|x64.Build.0 = Release|x64
		{169CC146-81E9-4ECA-91D6-5398AFBF5A4F}.Release|x86.ActiveCfg = Release|Win32
		{169CC146-81E9-4ECA-91D6-5398AFBF5A4F}.Release|x86.Build.0 = Release|Win32
		{E5D2148A-16C6-4FFB-B496-549A1A22F52F}.Debug|x64.ActiveCfg = Debug|x64
		{E5D2148A-16C6-4FFB-B496-549A1A22F52F}.Debug|x64.Build.0 = Debug|x64
		{E5D2148A-16C6-4FFB-B496-549A1A22F52F}.Debug|x86.ActiveCfg = Debug|Win32
		{E5D2148A-16C6-4FFB-B496-549A1A22F52F}.Debug|x86.Build.0 = Debug|Win32
		{E5D2148A-16C6-4FFB-B496-549A1A22F52F}.Release|x64.ActiveCfg = Release|x64
		{E5D2148A-16C6-4FFB-B496-549A1A22F52F}.Release|x64.Build.0 = Release|x64
		{E5D2148A-16C6-4FFB-B496-549A1A22F52F}.Release|x86.ActiveCfg = Release|Win32
		{E5D2148A-16C6-4FFB-B496-549A1A22F52F}.Release|x86.Build.0 = Release|Win32
		{8662934D-5818-477F-A243-22100159E43D}.Debug|x64.ActiveCfg = Debug|x64
		{8662934D-5818-477F-A243-22100159E43D}.Debug|x64.Build.0 = Debug|x64
		{8662934D-5818-477F-A243-22100159E43D}.Debug|x86.ActiveCfg = Debug|Win32
		{8662934D-5818-477F-A243-22100159E43D}.Debug|x86.Build.0 = Debug|Win32
		{8662934D-5818-477F-A243-22100159E43D}.Release|x64.ActiveCfg = Release|x64
		{8662934D-5818-477F-A243-22100159E43D}.Release|x64.Build.0 = Release|x64
		{8662934D-5818-477F-A243-22100159E43D}.Release|x86.ActiveCfg = Release|Win32
		{8662934D-5818-477F-A243-22100159E43D}.Release|x86.Build.0 = Release|Win32
		{D54BB5FC-AD4C-4B51-8E4D-E0E39830A835}.Debug|x64.ActiveCfg = Debug|x64
		{D54BB5FC-AD4C-4B51-8E4D-E0E39830A835}.Debug|x64.Build.0 = Debug|x64
		{D54BB5FC-AD4C-4B51-8E4D-E0E39830A835}.Debug|x86.ActiveCfg = Debug|Win32
		{D54BB5FC-AD4C-4B51-8E4D-E0E39830A835}.Debug|x86.Build.0 = Debug|Win32
		{D54BB5FC-AD4C-4B51-8E4D-E0E39830A835}.Release|x64.ActiveCfg = Release|x64
		{D54BB5FC-AD4C-4B51-8E4D-E0E39830A835}.Release|x64.Build.0 = Release|x64
		{D54BB5FC-AD4C-4B51-8E4D-E0E39830A835}.Release|x86.ActiveCfg = Release|Win32
		{D54BB5FC-AD4C-4B51-8E4D-E0E39830A835}.Release|x86.Build.0 = Release|Win32
		{EC369819-564C-4C84-922A-E362B1BF6787}.Debug|x64.ActiveCfg = Debug|x64
		{EC369819-564C-4C84-922A-E362B1BF6787}.Debug|x64.Build.0 = Debug|x64
		{EC369819-564C-4C84-922A-E362B1BF6787}.Debug|x86.ActiveCfg = Debug|Win32
		{EC369819-564C-4C84-922A-E362B1BF6787}.Debug|x86.Build.0 = Debug|Win32
		{EC369819-564C-4C84-922A-E362B1BF6787}.Release|x64.ActiveCfg = Release|x64
		{EC369819-564C-4C84-922A-E362B1BF6787}.Release|x64.Build.0 = Release|x64
		{EC369819-564C-4C84-922A-E362B1BF6787}.Release|x86.ActiveCfg = Release|Win32
		{EC369819-564C-4C84-922A-E362B1BF6787}.Release|x86.Build.0 = Release|Win32
		{64F84BDE-C5DD-4763-B768-EEAEDDD40E2A}.Debug|x64.ActiveCfg = Debug|x64
		{64F84BDE-C5DD-4763-B768-EEAEDDD40E2A}.Debug|x64.Build.0 = Debug|x64
		{64F84BDE-C5DD-4763-B768-EEAEDDD40E2A}.Debug|x86.ActiveCfg = Debug|Win32
		{64F84BDE-C5DD-4763-B768-EEAEDDD40E2A}.Debug|x86.Build.0 = Debug|Win32
		{64F84BDE-C5DD-4763-B768-EEAEDDD40E2A}.Release|x64.ActiveCfg = Release|x64
		{64F84BDE-C5DD-4763-B768-EEAEDDD40E2A}.Release|x64.Build.0 = Release|x64
		{64F84BDE-C5DD-4763-B768-EEAEDDD40E2A}.Release|x86.ActiveCfg = Release|Win32
		{64F84BDE-C5DD-4763-B768-EEAEDDD40E2A}.Release|x86.Build.0 = Release|Win32
	EndGlobalSection
	GlobalSection(SolutionProperties) = preSolution
		HideSolutionNode = FALSE
	EndGlobalSection
	GlobalSection(NestedProjects) = preSolution
		{169CC146-81E9-4ECA-91D6-5398AFBF5A4F} = {B8CCAB71-B947-4A33-9C3B-A71F25ABEA76}
		{E5D2148A-16C6-4FFB-B496-549A1A22F52F} = {BDA53817-A691-4F22-AC73-07AC16F149F5}
		{8662934D-5818-477F-A243-22100159E43D} = {BDA53817-A691-4F22-AC73-07AC16F149F5}
		{D54BB5FC-AD4C-4B51-8E4D-E0E39830A835} = {BDA53817-A691-4F22-AC73-07AC16F149F5}
		{EC369819-564C-4C84-922A-E362B1BF6787} = {BDA53817-A691-4F22-AC73-07AC16F149F5}
		{64F84BDE-C5DD-4763-B768-EEAEDDD40E2A} = {BDA53817-A691-4F22-AC73-07AC16F149F5}
	EndGlobalSection
	GlobalSection(ExtensibilityGlobals) = postSolution
		SolutionGuid = {53F501E3-0928-4D04-9421-FECBBC086477}
	EndGlobalSection
EndGlobal
